Microsoft Visual Studio Solution File, Format Version 12.00
# Visual Studio Version 17
VisualStudioVersion = 17.5.2.0
MinimumVisualStudioVersion = 10.0.40219.1
Project("{FAE04EC0-301F-11D3-BF4B-00C04F79EFBC}") = "CoreTaxXlsxReader", "CoreTaxXlsxReader.csproj", "{BF274362-2B6E-25F9-3063-D5C036851372}"
EndProject
Global
	GlobalSection(SolutionConfigurationPlatforms) = preSolution
		Debug|Any CPU = Debug|Any CPU
		Release|Any CPU = Release|Any CPU
	EndGlobalSection
	GlobalSection(ProjectConfigurationPlatforms) = postSolution
		{BF274362-2B6E-25F9-3063-D5C036851372}.Debug|Any CPU.ActiveCfg = Debug|Any CPU
		{BF274362-2B6E-25F9-3063-D5C036851372}.Debug|Any CPU.Build.0 = Debug|Any CPU
		{BF274362-2B6E-25F9-3063-D5C036851372}.Release|Any CPU.ActiveCfg = Release|Any CPU
		{BF274362-2B6E-25F9-3063-D5C036851372}.Release|Any CPU.Build.0 = Release|Any CPU
	EndGlobalSection
	GlobalSection(SolutionProperties) = preSolution
		HideSolutionNode = FALSE
	EndGlobalSection
	GlobalSection(ExtensibilityGlobals) = postSolution
		SolutionGuid = {F8B2CDEA-3E51-45CC-B870-57CBF666ED7B}
	EndGlobalSection
EndGlobal
